
Microsoft Visual Studio Solution File, Format Version 12.00
# Visual Studio Version 17
VisualStudioVersion = 17.4.33103.184
MinimumVisualStudioVersion = 10.0.40219.1
Project("{9A19103F-16F7-4668-BE54-9A1E7A4F7556}") = "DiplomaWork", "DiplomaWork\DiplomaWork.csproj", "{0397DFBE-DBC3-40D6-9BD6-F43674176056}"
EndProject
Global
	GlobalSection(SolutionConfigurationPlatforms) = preSolution
		Debug|Any CPU = Debug|Any CPU
		Release|Any CPU = Release|Any CPU
	EndGlobalSection
	GlobalSection(ProjectConfigurationPlatforms) = postSolution
		{0397DFBE-DBC3-40D6-9BD6-F43674176056}.Debug|Any CPU.ActiveCfg = Debug|Any CPU
		{0397DFBE-DBC3-40D6-9BD6-F43674176056}.Debug|Any CPU.Build.0 = Debug|Any CPU
		{0397DFBE-DBC3-40D6-9BD6-F43674176056}.Release|Any CPU.ActiveCfg = Release|Any CPU
		{0397DFBE-DBC3-40D6-9BD6-F43674176056}.Release|Any CPU.Build.0 = Release|Any CPU
	EndGlobalSection
	GlobalSection(SolutionProperties) = preSolution
		HideSolutionNode = FALSE
	EndGlobalSection
	GlobalSection(ExtensibilityGlobals) = postSolution
		SolutionGuid = {0E0AD11D-F871-4C00-AAD5-6416CFD02B34}
	EndGlobalSection
EndGlobal
